
Microsoft Visual Studio Solution File, Format Version 12.00
# Visual Studio Version 16
VisualStudioVersion = 16.0.30711.63
MinimumVisualStudioVersion = 10.0.40219.1
Project("{FAE04EC0-301F-11D3-BF4B-00C04F79EFBC}") = "MyFirstNews", "MyFirstNews\MyFirstNews.csproj", "{A9102065-7FBD-4A16-8D82-C33988CD8964}"
EndProject
Global
	GlobalSection(SolutionConfigurationPlatforms) = preSolution
		Debug|Any CPU = Debug|Any CPU
		Release|Any CPU = Release|Any CPU
	EndGlobalSection
	GlobalSection(ProjectConfigurationPlatforms) = postSolution
		{A9102065-7FBD-4A16-8D82-C33988CD8964}.Debug|Any CPU.ActiveCfg = Debug|Any CPU
		{A9102065-7FBD-4A16-8D82-C33988CD8964}.Debug|Any CPU.Build.0 = Debug|Any CPU
		{A9102065-7FBD-4A16-8D82-C33988CD8964}.Release|Any CPU.ActiveCfg = Release|Any CPU
		{A9102065-7FBD-4A16-8D82-C33988CD8964}.Release|Any CPU.Build.0 = Release|Any CPU
	EndGlobalSection
	GlobalSection(SolutionProperties) = preSolution
		HideSolutionNode = FALSE
	EndGlobalSection
	GlobalSection(ExtensibilityGlobals) = postSolution
		SolutionGuid = {BB5704A6-05B6-4476-BC27-5128454BC043}
	EndGlobalSection
EndGlobal
